PODS:
  - Alamofire (4.8.0)
  - SwiftyBeaver (1.6.1)
  - YMTreeMap (1.2.0)

DEPENDENCIES:
  - Alamofire
  - SwiftyBeaver
  - YMTreeMap

SPEC REPOS:
  https://github.com/cocoapods/specs.git:
    - Alamofire
    - SwiftyBeaver
    - YMTreeMap

SPEC CHECKSUMS:
  Alamofire: 3ec537f71edc9804815215393ae2b1a8ea33a844
  SwiftyBeaver: ccfcdf85a04d429f1633f668650b0ce8020bda3a
  YMTreeMap: 8bd766573bc5005cf6b6f5d2674e4225ee734f6e

PODFILE CHECKSUM: d4f8978aee51fdaecd179298cde7de4ae5f85052

COCOAPODS: 1.5.2
